// !$*UTF8*$!
{
	archiveVersion = 1;
	classes = {
	};
	objectVersion = 56;
	objects = {

/* Begin PBXBuildFile section */
		53B25B5B294F0A18000BAE21 /* ProductsCollectionVC.swift in Sources */ = {isa = PBXBuildFile; fileRef = 53B25B5A294F0A18000BAE21 /* ProductsCollectionVC.swift */; };
		53B25B5E294F1445000BAE21 /* ProductItemCell.swift in Sources */ = {isa = PBXBuildFile; fileRef = 53B25B5D294F1445000BAE21 /* ProductItemCell.swift */; };
		53B25B63294F2696000BAE21 /* ImageView+Extensions.swift in Sources */ = {isa = PBXBuildFile; fileRef = 53B25B62294F2696000BAE21 /* ImageView+Extensions.swift */; };
		53B25B67294F9DA8000BAE21 /* String+Extensions.swift in Sources */ = {isa = PBXBuildFile; fileRef = 53B25B66294F9DA8000BAE21 /* String+Extensions.swift */; };
		53B331D2294E617700CB1171 /* MainCoordinator.swift in Sources */ = {isa = PBXBuildFile; fileRef = 53B331B1294E617700CB1171 /* MainCoordinator.swift */; };
		53B331D3294E617700CB1171 /* Coordinator.swift in Sources */ = {isa = PBXBuildFile; fileRef = 53B331B2294E617700CB1171 /* Coordinator.swift */; };
		53B331D4294E617700CB1171 /* AppDelegate.swift in Sources */ = {isa = PBXBuildFile; fileRef = 53B331B4294E617700CB1171 /* AppDelegate.swift */; };
		53B331D5294E617700CB1171 /* SceneDelegate.swift in Sources */ = {isa = PBXBuildFile; fileRef = 53B331B5294E617700CB1171 /* SceneDelegate.swift */; };
		53B331D6294E617700CB1171 /* ProductListViewModel.swift in Sources */ = {isa = PBXBuildFile; fileRef = 53B331B9294E617700CB1171 /* ProductListViewModel.swift */; };
		53B331D7294E617700CB1171 /* Image.swift in Sources */ = {isa = PBXBuildFile; fileRef = 53B331BB294E617700CB1171 /* Image.swift */; };
		53B331D8294E617700CB1171 /* Product.swift in Sources */ = {isa = PBXBuildFile; fileRef = 53B331BC294E617700CB1171 /* Product.swift */; };
		53B331D9294E617700CB1171 /* ProductsList.swift in Sources */ = {isa = PBXBuildFile; fileRef = 53B331BE294E617700CB1171 /* ProductsList.swift */; };
		53B331DB294E617700CB1171 /* NetworkMonitor.swift in Sources */ = {isa = PBXBuildFile; fileRef = 53B331C2294E617700CB1171 /* NetworkMonitor.swift */; };
		53B331DC294E617700CB1171 /* APIConstants.swift in Sources */ = {isa = PBXBuildFile; fileRef = 53B331C4294E617700CB1171 /* APIConstants.swift */; };
		53B331DD294E617700CB1171 /* Servicable.swift in Sources */ = {isa = PBXBuildFile; fileRef = 53B331C7294E617700CB1171 /* Servicable.swift */; };
		53B331DE294E617700CB1171 /* Servicing.swift in Sources */ = {isa = PBXBuildFile; fileRef = 53B331C8294E617700CB1171 /* Servicing.swift */; };
		53B331DF294E617700CB1171 /* NetworkEngine.swift in Sources */ = {isa = PBXBuildFile; fileRef = 53B331C9294E617700CB1171 /* NetworkEngine.swift */; };
		53B331E0294E617700CB1171 /* NetworkError.swift in Sources */ = {isa = PBXBuildFile; fileRef = 53B331CA294E617700CB1171 /* NetworkError.swift */; };
		53B331E1294E617700CB1171 /* GetRequest.swift in Sources */ = {isa = PBXBuildFile; fileRef = 53B331CC294E617700CB1171 /* GetRequest.swift */; };
		53B331E2294E617700CB1171 /* APIRequestProtocol.swift in Sources */ = {isa = PBXBuildFile; fileRef = 53B331CD294E617700CB1171 /* APIRequestProtocol.swift */; };
		53B331E3294E617700CB1171 /* URLScheme.swift in Sources */ = {isa = PBXBuildFile; fileRef = 53B331CE294E617700CB1171 /* URLScheme.swift */; };
		53B331E4294E617700CB1171 /* APIAuthorization.swift in Sources */ = {isa = PBXBuildFile; fileRef = 53B331CF294E617700CB1171 /* APIAuthorization.swift */; };
		53B331E5294E617700CB1171 /* TemplateViewController.swift in Sources */ = {isa = PBXBuildFile; fileRef = 53B331D1294E617700CB1171 /* TemplateViewController.swift */; };
		53C73AF6294DBA77004679E6 /* Assets.xcassets in Resources */ = {isa = PBXBuildFile; fileRef = 53C73AF5294DBA77004679E6 /* Assets.xcassets */; };
		53C73AF9294DBA77004679E6 /* LaunchScreen.storyboard in Resources */ = {isa = PBXBuildFile; fileRef = 53C73AF7294DBA77004679E6 /* LaunchScreen.storyboard */; };
/* End PBXBuildFile section */

/* Begin PBXFileReference section */
		53B25B5A294F0A18000BAE21 /* ProductsCollectionVC.swift */ = {isa = PBXFileReference; lastKnownFileType = sourcecode.swift; path = ProductsCollectionVC.swift; sourceTree = "<group>"; };
		53B25B5D294F1445000BAE21 /* ProductItemCell.swift */ = {isa = PBXFileReference; lastKnownFileType = sourcecode.swift; path = ProductItemCell.swift; sourceTree = "<group>"; };
		53B25B62294F2696000BAE21 /* ImageView+Extensions.swift */ = {isa = PBXFileReference; lastKnownFileType = sourcecode.swift; path = "ImageView+Extensions.swift"; sourceTree = "<group>"; };
		53B25B66294F9DA8000BAE21 /* String+Extensions.swift */ = {isa = PBXFileReference; lastKnownFileType = sourcecode.swift; path = "String+Extensions.swift"; sourceTree = "<group>"; };
		53B331B1294E617700CB1171 /* MainCoordinator.swift */ = {isa = PBXFileReference; fileEncoding = 4; lastKnownFileType = sourcecode.swift; path = MainCoordinator.swift; sourceTree = "<group>"; };
		53B331B2294E617700CB1171 /* Coordinator.swift */ = {isa = PBXFileReference; fileEncoding = 4; lastKnownFileType = sourcecode.swift; path = Coordinator.swift; sourceTree = "<group>"; };
		53B331B4294E617700CB1171 /* AppDelegate.swift */ = {isa = PBXFileReference; fileEncoding = 4; lastKnownFileType = sourcecode.swift; path = AppDelegate.swift; sourceTree = "<group>"; };
		53B331B5294E617700CB1171 /* SceneDelegate.swift */ = {isa = PBXFileReference; fileEncoding = 4; lastKnownFileType = sourcecode.swift; path = SceneDelegate.swift; sourceTree = "<group>"; };
		53B331B9294E617700CB1171 /* ProductListViewModel.swift */ = {isa = PBXFileReference; fileEncoding = 4; lastKnownFileType = sourcecode.swift; path = ProductListViewModel.swift; sourceTree = "<group>"; };
		53B331BB294E617700CB1171 /* Image.swift */ = {isa = PBXFileReference; fileEncoding = 4; lastKnownFileType = sourcecode.swift; path = Image.swift; sourceTree = "<group>"; };
		53B331BC294E617700CB1171 /* Product.swift */ = {isa = PBXFileReference; fileEncoding = 4; lastKnownFileType = sourcecode.swift; path = Product.swift; sourceTree = "<group>"; };
		53B331BE294E617700CB1171 /* ProductsList.swift */ = {isa = PBXFileReference; fileEncoding = 4; lastKnownFileType = sourcecode.swift; path = ProductsList.swift; sourceTree = "<group>"; };
		53B331C2294E617700CB1171 /* NetworkMonitor.swift */ = {isa = PBXFileReference; fileEncoding = 4; lastKnownFileType = sourcecode.swift; path = NetworkMonitor.swift; sourceTree = "<group>"; };
		53B331C4294E617700CB1171 /* APIConstants.swift */ = {isa = PBXFileReference; fileEncoding = 4; lastKnownFileType = sourcecode.swift; path = APIConstants.swift; sourceTree = "<group>"; };
		53B331C7294E617700CB1171 /* Servicable.swift */ = {isa = PBXFileReference; fileEncoding = 4; lastKnownFileType = sourcecode.swift; path = Servicable.swift; sourceTree = "<group>"; };
		53B331C8294E617700CB1171 /* Servicing.swift */ = {isa = PBXFileReference; fileEncoding = 4; lastKnownFileType = sourcecode.swift; path = Servicing.swift; sourceTree = "<group>"; };
		53B331C9294E617700CB1171 /* NetworkEngine.swift */ = {isa = PBXFileReference; fileEncoding = 4; lastKnownFileType = sourcecode.swift; path = NetworkEngine.swift; sourceTree = "<group>"; };
		53B331CA294E617700CB1171 /* NetworkError.swift */ = {isa = PBXFileReference; fileEncoding = 4; lastKnownFileType = sourcecode.swift; path = NetworkError.swift; sourceTree = "<group>"; };
		53B331CC294E617700CB1171 /* GetRequest.swift */ = {isa = PBXFileReference; fileEncoding = 4; lastKnownFileType = sourcecode.swift; path = GetRequest.swift; sourceTree = "<group>"; };
		53B331CD294E617700CB1171 /* APIRequestProtocol.swift */ = {isa = PBXFileReference; fileEncoding = 4; lastKnownFileType = sourcecode.swift; path = APIRequestProtocol.swift; sourceTree = "<group>"; };
		53B331CE294E617700CB1171 /* URLScheme.swift */ = {isa = PBXFileReference; fileEncoding = 4; lastKnownFileType = sourcecode.swift; path = URLScheme.swift; sourceTree = "<group>"; };
		53B331CF294E617700CB1171 /* APIAuthorization.swift */ = {isa = PBXFileReference; fileEncoding = 4; lastKnownFileType = sourcecode.swift; path = APIAuthorization.swift; sourceTree = "<group>"; };
		53B331D1294E617700CB1171 /* TemplateViewController.swift */ = {isa = PBXFileReference; fileEncoding = 4; lastKnownFileType = sourcecode.swift; path = TemplateViewController.swift; sourceTree = "<group>"; };
		53C73AE9294DBA74004679E6 /* ThirdwayvChallenge.app */ = {isa = PBXFileReference; explicitFileType = wrapper.application; includeInIndex = 0; path = ThirdwayvChallenge.app; sourceTree = BUILT_PRODUCTS_DIR; };
		53C73AF5294DBA77004679E6 /* Assets.xcassets */ = {isa = PBXFileReference; lastKnownFileType = folder.assetcatalog; path = Assets.xcassets; sourceTree = "<group>"; };
		53C73AF8294DBA77004679E6 /* Base */ = {isa = PBXFileReference; lastKnownFileType = file.storyboard; name = Base; path = Base.lproj/LaunchScreen.storyboard; sourceTree = "<group>"; };
		53C73AFA294DBA77004679E6 /* Info.plist */ = {isa = PBXFileReference; lastKnownFileType = text.plist.xml; path = Info.plist; sourceTree = "<group>"; };
/* End PBXFileReference section */

/* Begin PBXFrameworksBuildPhase section */
		53C73AE6294DBA74004679E6 /* Frameworks */ = {
			isa = PBXFrameworksBuildPhase;
			buildActionMask = 2147483647;
			files = (
			);
			runOnlyForDeploymentPostprocessing = 0;
		};
/* End PBXFrameworksBuildPhase section */

/* Begin PBXGroup section */
		53B25B5C294F1410000BAE21 /* Views */ = {
			isa = PBXGroup;
			children = (
				53B25B5D294F1445000BAE21 /* ProductItemCell.swift */,
			);
			path = Views;
			sourceTree = "<group>";
		};
		53B25B61294F2687000BAE21 /* Extensions */ = {
			isa = PBXGroup;
			children = (
				53B25B62294F2696000BAE21 /* ImageView+Extensions.swift */,
				53B25B66294F9DA8000BAE21 /* String+Extensions.swift */,
			);
			path = Extensions;
			sourceTree = "<group>";
		};
		53B331B0294E617700CB1171 /* Coordinator */ = {
			isa = PBXGroup;
			children = (
				53B331B1294E617700CB1171 /* MainCoordinator.swift */,
				53B331B2294E617700CB1171 /* Coordinator.swift */,
			);
			path = Coordinator;
			sourceTree = "<group>";
		};
		53B331B3294E617700CB1171 /* MainApp */ = {
			isa = PBXGroup;
			children = (
				53B331B4294E617700CB1171 /* AppDelegate.swift */,
				53B331B5294E617700CB1171 /* SceneDelegate.swift */,
			);
			path = MainApp;
			sourceTree = "<group>";
		};
		53B331B6294E617700CB1171 /* Scenes */ = {
			isa = PBXGroup;
			children = (
				53B331B7294E617700CB1171 /* ProductsList */,
			);
			path = Scenes;
			sourceTree = "<group>";
		};
		53B331B7294E617700CB1171 /* ProductsList */ = {
			isa = PBXGroup;
			children = (
				53B25B5C294F1410000BAE21 /* Views */,
				53B331B8294E617700CB1171 /* ViewModel */,
				53B331BA294E617700CB1171 /* Models */,
				53B331BD294E617700CB1171 /* Service */,
				53B331BF294E617700CB1171 /* ViewController */,
			);
			path = ProductsList;
			sourceTree = "<group>";
		};
		53B331B8294E617700CB1171 /* ViewModel */ = {
			isa = PBXGroup;
			children = (
				53B331B9294E617700CB1171 /* ProductListViewModel.swift */,
			);
			path = ViewModel;
			sourceTree = "<group>";
		};
		53B331BA294E617700CB1171 /* Models */ = {
			isa = PBXGroup;
			children = (
				53B331BB294E617700CB1171 /* Image.swift */,
				53B331BC294E617700CB1171 /* Product.swift */,
			);
			path = Models;
			sourceTree = "<group>";
		};
		53B331BD294E617700CB1171 /* Service */ = {
			isa = PBXGroup;
			children = (
				53B331BE294E617700CB1171 /* ProductsList.swift */,
			);
			path = Service;
			sourceTree = "<group>";
		};
		53B331BF294E617700CB1171 /* ViewController */ = {
			isa = PBXGroup;
			children = (
				53B25B5A294F0A18000BAE21 /* ProductsCollectionVC.swift */,
			);
			path = ViewController;
			sourceTree = "<group>";
		};
		53B331C1294E617700CB1171 /* Utility */ = {
			isa = PBXGroup;
			children = (
				53B331C2294E617700CB1171 /* NetworkMonitor.swift */,
			);
			path = Utility;
			sourceTree = "<group>";
		};
		53B331C3294E617700CB1171 /* Networking */ = {
			isa = PBXGroup;
			children = (
				53B331C4294E617700CB1171 /* APIConstants.swift */,
			);
			path = Networking;
			sourceTree = "<group>";
		};
		53B331C5294E617700CB1171 /* Base */ = {
			isa = PBXGroup;
			children = (
				53B331C6294E617700CB1171 /* Networking */,
				53B331D0294E617700CB1171 /* ViewController */,
			);
			path = Base;
			sourceTree = "<group>";
		};
		53B331C6294E617700CB1171 /* Networking */ = {
			isa = PBXGroup;
			children = (
				53B331C7294E617700CB1171 /* Servicable.swift */,
				53B331C8294E617700CB1171 /* Servicing.swift */,
				53B331C9294E617700CB1171 /* NetworkEngine.swift */,
				53B331CA294E617700CB1171 /* NetworkError.swift */,
				53B331CB294E617700CB1171 /* API Request */,
			);
			path = Networking;
			sourceTree = "<group>";
		};
		53B331CB294E617700CB1171 /* API Request */ = {
			isa = PBXGroup;
			children = (
				53B331CC294E617700CB1171 /* GetRequest.swift */,
				53B331CD294E617700CB1171 /* APIRequestProtocol.swift */,
				53B331CE294E617700CB1171 /* URLScheme.swift */,
				53B331CF294E617700CB1171 /* APIAuthorization.swift */,
			);
			path = "API Request";
			sourceTree = "<group>";
		};
		53B331D0294E617700CB1171 /* ViewController */ = {
			isa = PBXGroup;
			children = (
				53B331D1294E617700CB1171 /* TemplateViewController.swift */,
			);
			path = ViewController;
			sourceTree = "<group>";
		};
		53C73AE0294DBA74004679E6 = {
			isa = PBXGroup;
			children = (
				53C73AEB294DBA74004679E6 /* ThirdwayvChallenge */,
				53C73AEA294DBA74004679E6 /* Products */,
			);
			sourceTree = "<group>";
		};
		53C73AEA294DBA74004679E6 /* Products */ = {
			isa = PBXGroup;
			children = (
				53C73AE9294DBA74004679E6 /* ThirdwayvChallenge.app */,
			);
			name = Products;
			sourceTree = "<group>";
		};
		53C73AEB294DBA74004679E6 /* ThirdwayvChallenge */ = {
			isa = PBXGroup;
			children = (
				53B25B61294F2687000BAE21 /* Extensions */,
				53B331B3294E617700CB1171 /* MainApp */,
				53B331C5294E617700CB1171 /* Base */,
				53B331C3294E617700CB1171 /* Networking */,
				53B331B0294E617700CB1171 /* Coordinator */,
				53B331B6294E617700CB1171 /* Scenes */,
				53B331C1294E617700CB1171 /* Utility */,
				53C73AF7294DBA77004679E6 /* LaunchScreen.storyboard */,
				53C73AF5294DBA77004679E6 /* Assets.xcassets */,
				53C73AFA294DBA77004679E6 /* Info.plist */,
			);
			path = ThirdwayvChallenge;
			sourceTree = "<group>";
		};
/* End PBXGroup section */

/* Begin PBXNativeTarget section */
		53C73AE8294DBA74004679E6 /* ThirdwayvChallenge */ = {
			isa = PBXNativeTarget;
			buildConfigurationList = 53C73AFD294DBA77004679E6 /* Build configuration list for PBXNativeTarget "ThirdwayvChallenge" */;
			buildPhases = (
				53C73AE5294DBA74004679E6 /* Sources */,
				53C73AE6294DBA74004679E6 /* Frameworks */,
				53C73AE7294DBA74004679E6 /* Resources */,
			);
			buildRules = (
			);
			dependencies = (
			);
			name = ThirdwayvChallenge;
			productName = ThirdwayvChallenge;
			productReference = 53C73AE9294DBA74004679E6 /* ThirdwayvChallenge.app */;
			productType = "com.apple.product-type.application";
		};
/* End PBXNativeTarget section */

/* Begin PBXProject section */
		53C73AE1294DBA74004679E6 /* Project object */ = {
			isa = PBXProject;
			attributes = {
				BuildIndependentTargetsInParallel = 1;
				LastSwiftUpdateCheck = 1420;
				LastUpgradeCheck = 1420;
				TargetAttributes = {
					53C73AE8294DBA74004679E6 = {
						CreatedOnToolsVersion = 14.2;
					};
				};
			};
			buildConfigurationList = 53C73AE4294DBA74004679E6 /* Build configuration list for PBXProject "ThirdwayvChallenge" */;
			compatibilityVersion = "Xcode 14.0";
			developmentRegion = en;
			hasScannedForEncodings = 0;
			knownRegions = (
				en,
				Base,
			);
			mainGroup = 53C73AE0294DBA74004679E6;
			productRefGroup = 53C73AEA294DBA74004679E6 /* Products */;
			projectDirPath = "";
			projectRoot = "";
			targets = (
				53C73AE8294DBA74004679E6 /* ThirdwayvChallenge */,
			);
		};
/* End PBXProject section */

/* Begin PBXResourcesBuildPhase section */
		53C73AE7294DBA74004679E6 /* Resources */ = {
			isa = PBXResourcesBuildPhase;
			buildActionMask = 2147483647;
			files = (
				53C73AF9294DBA77004679E6 /* LaunchScreen.storyboard in Resources */,
				53C73AF6294DBA77004679E6 /* Assets.xcassets in Resources */,
			);
			runOnlyForDeploymentPostprocessing = 0;
		};
/* End PBXResourcesBuildPhase section */

/* Begin PBXSourcesBuildPhase section */
		53C73AE5294DBA74004679E6 /* Sources */ = {
			isa = PBXSourcesBuildPhase;
			buildActionMask = 2147483647;
			files = (
				53B25B63294F2696000BAE21 /* ImageView+Extensions.swift in Sources */,
				53B25B5E294F1445000BAE21 /* ProductItemCell.swift in Sources */,
				53B331D4294E617700CB1171 /* AppDelegate.swift in Sources */,
				53B331DC294E617700CB1171 /* APIConstants.swift in Sources */,
				53B331DF294E617700CB1171 /* NetworkEngine.swift in Sources */,
				53B331D7294E617700CB1171 /* Image.swift in Sources */,
				53B331E1294E617700CB1171 /* GetRequest.swift in Sources */,
				53B331D6294E617700CB1171 /* ProductListViewModel.swift in Sources */,
				53B331E5294E617700CB1171 /* TemplateViewController.swift in Sources */,
				53B331DE294E617700CB1171 /* Servicing.swift in Sources */,
				53B331D3294E617700CB1171 /* Coordinator.swift in Sources */,
				53B331D2294E617700CB1171 /* MainCoordinator.swift in Sources */,
				53B331E0294E617700CB1171 /* NetworkError.swift in Sources */,
				53B331DD294E617700CB1171 /* Servicable.swift in Sources */,
				53B331E4294E617700CB1171 /* APIAuthorization.swift in Sources */,
				53B331E2294E617700CB1171 /* APIRequestProtocol.swift in Sources */,
				53B331D9294E617700CB1171 /* ProductsList.swift in Sources */,
				53B331DB294E617700CB1171 /* NetworkMonitor.swift in Sources */,
				53B331D5294E617700CB1171 /* SceneDelegate.swift in Sources */,
				53B25B67294F9DA8000BAE21 /* String+Extensions.swift in Sources */,
				53B25B5B294F0A18000BAE21 /* ProductsCollectionVC.swift in Sources */,
				53B331E3294E617700CB1171 /* URLScheme.swift in Sources */,
				53B331D8294E617700CB1171 /* Product.swift in Sources */,
			);
			runOnlyForDeploymentPostprocessing = 0;
		};
/* End PBXSourcesBuildPhase section */

/* Begin PBXVariantGroup section */
		53C73AF7294DBA77004679E6 /* LaunchScreen.storyboard */ = {
			isa = PBXVariantGroup;
			children = (
				53C73AF8294DBA77004679E6 /* Base */,
			);
			name = LaunchScreen.storyboard;
			sourceTree = "<group>";
		};
/* End PBXVariantGroup section */

/* Begin XCBuildConfiguration section */
		53C73AFB294DBA77004679E6 /* Debug */ = {
			isa = XCBuildConfiguration;
			buildSettings = {
				ALWAYS_SEARCH_USER_PATHS = NO;
				CLANG_ANALYZER_NONNULL = YES;
				CLANG_ANALYZER_NUMBER_OBJECT_CONVERSION = YES_AGGRESSIVE;
				CLANG_CXX_LANGUAGE_STANDARD = "gnu++20";
				CLANG_ENABLE_MODULES = YES;
				CLANG_ENABLE_OBJC_ARC = YES;
				CLANG_ENABLE_OBJC_WEAK = YES;
				CLANG_WARN_BLOCK_CAPTURE_AUTORELEASING = YES;
				CLANG_WARN_BOOL_CONVERSION = YES;
				CLANG_WARN_COMMA = YES;
				CLANG_WARN_CONSTANT_CONVERSION = YES;
				CLANG_WARN_DEPRECATED_OBJC_IMPLEMENTATIONS = YES;
				CLANG_WARN_DIRECT_OBJC_ISA_USAGE = YES_ERROR;
				CLANG_WARN_DOCUMENTATION_COMMENTS = YES;
				CLANG_WARN_EMPTY_BODY = YES;
				CLANG_WARN_ENUM_CONVERSION = YES;
				CLANG_WARN_INFINITE_RECURSION = YES;
				CLANG_WARN_INT_CONVERSION = YES;
				CLANG_WARN_NON_LITERAL_NULL_CONVERSION = YES;
				CLANG_WARN_OBJC_IMPLICIT_RETAIN_SELF = YES;
				CLANG_WARN_OBJC_LITERAL_CONVERSION = YES;
				CLANG_WARN_OBJC_ROOT_CLASS = YES_ERROR;
				CLANG_WARN_QUOTED_INCLUDE_IN_FRAMEWORK_HEADER = YES;
				CLANG_WARN_RANGE_LOOP_ANALYSIS = YES;
				CLANG_WARN_STRICT_PROTOTYPES = YES;
				CLANG_WARN_SUSPICIOUS_MOVE = YES;
				CLANG_WARN_UNGUARDED_AVAILABILITY = YES_AGGRESSIVE;
				CLANG_WARN_UNREACHABLE_CODE = YES;
				CLANG_WARN__DUPLICATE_METHOD_MATCH = YES;
				COPY_PHASE_STRIP = NO;
				DEBUG_INFORMATION_FORMAT = dwarf;
				ENABLE_STRICT_OBJC_MSGSEND = YES;
				ENABLE_TESTABILITY = YES;
				GCC_C_LANGUAGE_STANDARD = gnu11;
				GCC_DYNAMIC_NO_PIC = NO;
				GCC_NO_COMMON_BLOCKS = YES;
				GCC_OPTIMIZATION_LEVEL = 0;
				GCC_PREPROCESSOR_DEFINITIONS = (
					"DEBUG=1",
					"$(inherited)",
				);
				GCC_WARN_64_TO_32_BIT_CONVERSION = YES;
				GCC_WARN_ABOUT_RETURN_TYPE = YES_ERROR;
				GCC_WARN_UNDECLARED_SELECTOR = YES;
				GCC_WARN_UNINITIALIZED_AUTOS = YES_AGGRESSIVE;
				GCC_WARN_UNUSED_FUNCTION = YES;
				GCC_WARN_UNUSED_VARIABLE = YES;
				IPHONEOS_DEPLOYMENT_TARGET = 16.2;
				MTL_ENABLE_DEBUG_INFO = INCLUDE_SOURCE;
				MTL_FAST_MATH = YES;
				ONLY_ACTIVE_ARCH = YES;
				SDKROOT = iphoneos;
				SWIFT_ACTIVE_COMPILATION_CONDITIONS = DEBUG;
				SWIFT_OPTIMIZATION_LEVEL = "-Onone";
			};
			name = Debug;
		};
		53C73AFC294DBA77004679E6 /* Release */ = {
			isa = XCBuildConfiguration;
			buildSettings = {
				ALWAYS_SEARCH_USER_PATHS = NO;
				CLANG_ANALYZER_NONNULL = YES;
				CLANG_ANALYZER_NUMBER_OBJECT_CONVERSION = YES_AGGRESSIVE;
				CLANG_CXX_LANGUAGE_STANDARD = "gnu++20";
				CLANG_ENABLE_MODULES = YES;
				CLANG_ENABLE_OBJC_ARC = YES;
				CLANG_ENABLE_OBJC_WEAK = YES;
				CLANG_WARN_BLOCK_CAPTURE_AUTORELEASING = YES;
				CLANG_WARN_BOOL_CONVERSION = YES;
				CLANG_WARN_COMMA = YES;
				CLANG_WARN_CONSTANT_CONVERSION = YES;
				CLANG_WARN_DEPRECATED_OBJC_IMPLEMENTATIONS = YES;
				CLANG_WARN_DIRECT_OBJC_ISA_USAGE = YES_ERROR;
				CLANG_WARN_DOCUMENTATION_COMMENTS = YES;
				CLANG_WARN_EMPTY_BODY = YES;
				CLANG_WARN_ENUM_CONVERSION = YES;
				CLANG_WARN_INFINITE_RECURSION = YES;
				CLANG_WARN_INT_CONVERSION = YES;
				CLANG_WARN_NON_LITERAL_NULL_CONVERSION = YES;
				CLANG_WARN_OBJC_IMPLICIT_RETAIN_SELF = YES;
				CLANG_WARN_OBJC_LITERAL_CONVERSION = YES;
				CLANG_WARN_OBJC_ROOT_CLASS = YES_ERROR;
				CLANG_WARN_QUOTED_INCLUDE_IN_FRAMEWORK_HEADER = YES;
				CLANG_WARN_RANGE_LOOP_ANALYSIS = YES;
				CLANG_WARN_STRICT_PROTOTYPES = YES;
				CLANG_WARN_SUSPICIOUS_MOVE = YES;
				CLANG_WARN_UNGUARDED_AVAILABILITY = YES_AGGRESSIVE;
				CLANG_WARN_UNREACHABLE_CODE = YES;
				CLANG_WARN__DUPLICATE_METHOD_MATCH = YES;
				COPY_PHASE_STRIP = NO;
				DEBUG_INFORMATION_FORMAT = "dwarf-with-dsym";
				ENABLE_NS_ASSERTIONS = NO;
				ENABLE_STRICT_OBJC_MSGSEND = YES;
				GCC_C_LANGUAGE_STANDARD = gnu11;
				GCC_NO_COMMON_BLOCKS = YES;
				GCC_WARN_64_TO_32_BIT_CONVERSION = YES;
				GCC_WARN_ABOUT_RETURN_TYPE = YES_ERROR;
				GCC_WARN_UNDECLARED_SELECTOR = YES;
				GCC_WARN_UNINITIALIZED_AUTOS = YES_AGGRESSIVE;
				GCC_WARN_UNUSED_FUNCTION = YES;
				GCC_WARN_UNUSED_VARIABLE = YES;
				IPHONEOS_DEPLOYMENT_TARGET = 16.2;
				MTL_ENABLE_DEBUG_INFO = NO;
				MTL_FAST_MATH = YES;
				SDKROOT = iphoneos;
				SWIFT_COMPILATION_MODE = wholemodule;
				SWIFT_OPTIMIZATION_LEVEL = "-O";
				VALIDATE_PRODUCT = YES;
			};
			name = Release;
		};
		53C73AFE294DBA77004679E6 /* Debug */ = {
			isa = XCBuildConfiguration;
			buildSettings = {
				ASSETCATALOG_COMPILER_APPICON_NAME = AppIcon;
				ASSETCATALOG_COMPILER_GLOBAL_ACCENT_COLOR_NAME = AccentColor;
				CODE_SIGN_STYLE = Automatic;
				CURRENT_PROJECT_VERSION = 1;
				DEVELOPMENT_TEAM = EG8J6YGWW7;
				GENERATE_INFOPLIST_FILE = YES;
				INFOPLIST_FILE = ThirdwayvChallenge/Info.plist;
				INFOPLIST_KEY_CFBundleDisplayName = Thirdwayv;
				INFOPLIST_KEY_UIApplicationSupportsIndirectInputEvents = YES;
				INFOPLIST_KEY_UILaunchStoryboardName = LaunchScreen;
				INFOPLIST_KEY_UISupportedInterfaceOrientations_iPad = "UIInterfaceOrientationPortrait UIInterfaceOrientationPortraitUpsideDown UIInterfaceOrientationLandscapeLeft UIInterfaceOrientationLandscapeRight";
				INFOPLIST_KEY_UISupportedInterfaceOrientations_iPhone = "UIInterfaceOrientationPortrait UIInterfaceOrientationLandscapeLeft UIInterfaceOrientationLandscapeRight";
				LD_RUNPATH_SEARCH_PATHS = (
					"$(inherited)",
					"@executable_path/Frameworks",
				);
				MARKETING_VERSION = 1.0;
				PRODUCT_BUNDLE_IDENTIFIER = "mohamed-shiha.ThirdwayvChallenge";
				PRODUCT_NAME = "$(TARGET_NAME)";
				SWIFT_EMIT_LOC_STRINGS = YES;
				SWIFT_VERSION = 5.0;
				TARGETED_DEVICE_FAMILY = "1,2";
			};
			name = Debug;
		};
		53C73AFF294DBA77004679E6 /* Release */ = {
			isa = XCBuildConfiguration;
			buildSettings = {
				ASSETCATALOG_COMPILER_APPICON_NAME = AppIcon;
				ASSETCATALOG_COMPILER_GLOBAL_ACCENT_COLOR_NAME = AccentColor;
				CODE_SIGN_STYLE = Automatic;
				CURRENT_PROJECT_VERSION = 1;
				DEVELOPMENT_TEAM = EG8J6YGWW7;
				GENERATE_INFOPLIST_FILE = YES;
				INFOPLIST_FILE = ThirdwayvChallenge/Info.plist;
				INFOPLIST_KEY_CFBundleDisplayName = Thirdwayv;
				INFOPLIST_KEY_UIApplicationSupportsIndirectInputEvents = YES;
				INFOPLIST_KEY_UILaunchStoryboardName = LaunchScreen;
				INFOPLIST_KEY_UISupportedInterfaceOrientations_iPad = "UIInterfaceOrientationPortrait UIInterfaceOrientationPortraitUpsideDown UIInterfaceOrientationLandscapeLeft UIInterfaceOrientationLandscapeRight";
				INFOPLIST_KEY_UISupportedInterfaceOrientations_iPhone = "UIInterfaceOrientationPortrait UIInterfaceOrientationLandscapeLeft UIInterfaceOrientationLandscapeRight";
				LD_RUNPATH_SEARCH_PATHS = (
					"$(inherited)",
					"@executable_path/Frameworks",
				);
				MARKETING_VERSION = 1.0;
				PRODUCT_BUNDLE_IDENTIFIER = "mohamed-shiha.ThirdwayvChallenge";
				PRODUCT_NAME = "$(TARGET_NAME)";
				SWIFT_EMIT_LOC_STRINGS = YES;
				SWIFT_VERSION = 5.0;
				TARGETED_DEVICE_FAMILY = "1,2";
			};
			name = Release;
		};
/* End XCBuildConfiguration section */

/* Begin XCConfigurationList section */
		53C73AE4294DBA74004679E6 /* Build configuration list for PBXProject "ThirdwayvChallenge" */ = {
			isa = XCConfigurationList;
			buildConfigurations = (
				53C73AFB294DBA77004679E6 /* Debug */,
				53C73AFC294DBA77004679E6 /* Release */,
			);
			defaultConfigurationIsVisible = 0;
			defaultConfigurationName = Release;
		};
		53C73AFD294DBA77004679E6 /* Build configuration list for PBXNativeTarget "ThirdwayvChallenge" */ = {
			isa = XCConfigurationList;
			buildConfigurations = (
				53C73AFE294DBA77004679E6 /* Debug */,
				53C73AFF294DBA77004679E6 /* Release */,
			);
			defaultConfigurationIsVisible = 0;
			defaultConfigurationName = Release;
		};
/* End XCConfigurationList section */
	};
	rootObject = 53C73AE1294DBA74004679E6 /* Project object */;
}
